
Microsoft Visual Studio Solution File, Format Version 12.00
# Visual Studio Version 16
VisualStudioVersion = 16.0.31729.503
MinimumVisualStudioVersion = 10.0.40219.1
Project("{FAE04EC0-301F-11D3-BF4B-00C04F79EFBC}") = "WebService", "WebService.csproj", "{51800742-70F7-4774-A49F-B9DF23E0D2CC}"
EndProject
Global
	GlobalSection(SolutionConfigurationPlatforms) = preSolution
		Debug|Any CPU = Debug|Any CPU
		Release|Any CPU = Release|Any CPU
	EndGlobalSection
	GlobalSection(ProjectConfigurationPlatforms) = postSolution
		{51800742-70F7-4774-A49F-B9DF23E0D2CC}.Debug|Any CPU.ActiveCfg = Debug|Any CPU
		{51800742-70F7-4774-A49F-B9DF23E0D2CC}.Debug|Any CPU.Build.0 = Debug|Any CPU
		{51800742-70F7-4774-A49F-B9DF23E0D2CC}.Release|Any CPU.ActiveCfg = Release|Any CPU
		{51800742-70F7-4774-A49F-B9DF23E0D2CC}.Release|Any CPU.Build.0 = Release|Any CPU
	EndGlobalSection
	GlobalSection(SolutionProperties) = preSolution
		HideSolutionNode = FALSE
	EndGlobalSection
	GlobalSection(ExtensibilityGlobals) = postSolution
		SolutionGuid = {920815BD-A032-4478-861F-6A391BEB5C6B}
	EndGlobalSection
EndGlobal
